
Microsoft Visual Studio Solution File, Format Version 12.00
# Visual Studio Version 17
VisualStudioVersion = 17.0.31903.59
MinimumVisualStudioVersion = 10.0.40219.1
Project("{FAE04EC0-301F-11D3-BF4B-00C04F79EFBC}") = "BookStore1", "BookStore1\BookStore1.csproj", "{A36DD126-FF4A-452E-8609-996E50480255}"
EndProject
Project("{FAE04EC0-301F-11D3-BF4B-00C04F79EFBC}") = "BookStore.Data", "BookStore.Data\BookStore.Data.csproj", "{56B1E361-5E08-4DAB-B233-5CF47801BF1A}"
EndProject
Global
	GlobalSection(SolutionConfigurationPlatforms) = preSolution
		Debug|Any CPU = Debug|Any CPU
		Release|Any CPU = Release|Any CPU
	EndGlobalSection
	GlobalSection(ProjectConfigurationPlatforms) = postSolution
		{A36DD126-FF4A-452E-8609-996E50480255}.Debug|Any CPU.ActiveCfg = Debug|Any CPU
		{A36DD126-FF4A-452E-8609-996E50480255}.Debug|Any CPU.Build.0 = Debug|Any CPU
		{A36DD126-FF4A-452E-8609-996E50480255}.Release|Any CPU.ActiveCfg = Release|Any CPU
		{A36DD126-FF4A-452E-8609-996E50480255}.Release|Any CPU.Build.0 = Release|Any CPU
		{56B1E361-5E08-4DAB-B233-5CF47801BF1A}.Debug|Any CPU.ActiveCfg = Debug|Any CPU
		{56B1E361-5E08-4DAB-B233-5CF47801BF1A}.Debug|Any CPU.Build.0 = Debug|Any CPU
		{56B1E361-5E08-4DAB-B233-5CF47801BF1A}.Release|Any CPU.ActiveCfg = Release|Any CPU
		{56B1E361-5E08-4DAB-B233-5CF47801BF1A}.Release|Any CPU.Build.0 = Release|Any CPU
	EndGlobalSection
	GlobalSection(SolutionProperties) = preSolution
		HideSolutionNode = FALSE
	EndGlobalSection
	GlobalSection(ExtensibilityGlobals) = postSolution
		SolutionGuid = {B1FD64CE-7F7A-485D-9201-A02C4D392604}
	EndGlobalSection
EndGlobal
